
Microsoft Visual Studio Solution File, Format Version 12.00
# Visual Studio Version 17
VisualStudioVersion = 17.12.35506.116
MinimumVisualStudioVersion = 10.0.40219.1
Project("{FAE04EC0-301F-11D3-BF4B-00C04F79EFBC}") = "WarehouseService.AppHost", "WarehouseService.AppHost\WarehouseService.AppHost.csproj", "{2B0C716D-B1A3-4188-A386-444C1F8FF10B}"
EndProject
Project("{2150E333-8FDC-42A3-9474-1A3956D46DE8}") = "src", "src", "{ABA73C41-80EB-4C13-B99E-34F4E821C083}"
EndProject
Project("{FAE04EC0-301F-11D3-BF4B-00C04F79EFBC}") = "WarehouseSevice.Domain", "WarehouseSevice.Domain\WarehouseSevice.Domain.csproj", "{A86A1F48-B3ED-43E6-88C1-9C34218D116E}"
EndProject
Project("{FAE04EC0-301F-11D3-BF4B-00C04F79EFBC}") = "WarehouseService.Infrastructure", "WarehouseService.Infrastructure\WarehouseService.Infrastructure.csproj", "{9DB2FE3F-FF1D-45F1-905C-B5FF5B23B18A}"
EndProject
Project("{FAE04EC0-301F-11D3-BF4B-00C04F79EFBC}") = "WarehouseService.Application", "WarehouseService.Application\WarehouseService.Application.csproj", "{20423526-9685-4CB7-9FFC-8A3C5C07A683}"
EndProject
Project("{2150E333-8FDC-42A3-9474-1A3956D46DE8}") = "Элементы решения", "Элементы решения", "{8BFE3820-D11D-470E-B517-A3D72FA06564}"
	ProjectSection(SolutionItems) = preProject
		db.env = db.env
		docker-compose.yaml = docker-compose.yaml
	EndProjectSection
EndProject
Global
	GlobalSection(SolutionConfigurationPlatforms) = preSolution
		Debug|Any CPU = Debug|Any CPU
		Release|Any CPU = Release|Any CPU
	EndGlobalSection
	GlobalSection(ProjectConfigurationPlatforms) = postSolution
		{2B0C716D-B1A3-4188-A386-444C1F8FF10B}.Debug|Any CPU.ActiveCfg = Debug|Any CPU
		{2B0C716D-B1A3-4188-A386-444C1F8FF10B}.Debug|Any CPU.Build.0 = Debug|Any CPU
		{2B0C716D-B1A3-4188-A386-444C1F8FF10B}.Release|Any CPU.ActiveCfg = Release|Any CPU
		{2B0C716D-B1A3-4188-A386-444C1F8FF10B}.Release|Any CPU.Build.0 = Release|Any CPU
		{A86A1F48-B3ED-43E6-88C1-9C34218D116E}.Debug|Any CPU.ActiveCfg = Debug|Any CPU
		{A86A1F48-B3ED-43E6-88C1-9C34218D116E}.Debug|Any CPU.Build.0 = Debug|Any CPU
		{A86A1F48-B3ED-43E6-88C1-9C34218D116E}.Release|Any CPU.ActiveCfg = Release|Any CPU
		{A86A1F48-B3ED-43E6-88C1-9C34218D116E}.Release|Any CPU.Build.0 = Release|Any CPU
		{9DB2FE3F-FF1D-45F1-905C-B5FF5B23B18A}.Debug|Any CPU.ActiveCfg = Debug|Any CPU
		{9DB2FE3F-FF1D-45F1-905C-B5FF5B23B18A}.Debug|Any CPU.Build.0 = Debug|Any CPU
		{9DB2FE3F-FF1D-45F1-905C-B5FF5B23B18A}.Release|Any CPU.ActiveCfg = Release|Any CPU
		{9DB2FE3F-FF1D-45F1-905C-B5FF5B23B18A}.Release|Any CPU.Build.0 = Release|Any CPU
		{20423526-9685-4CB7-9FFC-8A3C5C07A683}.Debug|Any CPU.ActiveCfg = Debug|Any CPU
		{20423526-9685-4CB7-9FFC-8A3C5C07A683}.Debug|Any CPU.Build.0 = Debug|Any CPU
		{20423526-9685-4CB7-9FFC-8A3C5C07A683}.Release|Any CPU.ActiveCfg = Release|Any CPU
		{20423526-9685-4CB7-9FFC-8A3C5C07A683}.Release|Any CPU.Build.0 = Release|Any CPU
	EndGlobalSection
	GlobalSection(SolutionProperties) = preSolution
		HideSolutionNode = FALSE
	EndGlobalSection
	GlobalSection(NestedProjects) = preSolution
		{2B0C716D-B1A3-4188-A386-444C1F8FF10B} = {ABA73C41-80EB-4C13-B99E-34F4E821C083}
		{A86A1F48-B3ED-43E6-88C1-9C34218D116E} = {ABA73C41-80EB-4C13-B99E-34F4E821C083}
		{9DB2FE3F-FF1D-45F1-905C-B5FF5B23B18A} = {ABA73C41-80EB-4C13-B99E-34F4E821C083}
		{20423526-9685-4CB7-9FFC-8A3C5C07A683} = {ABA73C41-80EB-4C13-B99E-34F4E821C083}
	EndGlobalSection
EndGlobal
